<?xml version="1.0" encoding="utf-8"?>
<Project ToolsVersion="17.0" xmlns="http://schemas.microsoft.com/developer/msbuild/2003">
  <ItemGroup>
    <CustomBuild Include="D:\Develop\Project\SwiftPeer\build_universal_windows\CMakeFiles\95f2ecd66c4466c0f791bf3b4a78a99f\INSTALL_force.rule">
      <Filter>CMake Rules</Filter>
    </CustomBuild>
  </ItemGroup>
  <ItemGroup>
    <Filter Include="CMake Rules">
      <UniqueIdentifier>{E9691EFD-1941-3DB2-A110-FD81E66CC5D9}</UniqueIdentifier>
    </Filter>
  </ItemGroup>
</Project>
