
Microsoft Visual Studio Solution File, Format Version 12.00
# Visual Studio Version 17
Project("{8BC9CEB8-8B4A-11D0-8D11-00A0C91BC942}") = "ALL_BUILD", "ALL_BUILD.vcxproj", "{C561501E-B292-381D-BB5D-A0E595D4C8D7}"
	ProjectSection(ProjectDependencies) = postProject
		{EA373D68-D55D-3F14-A4F3-B2DE8B774B7E} = {EA373D68-D55D-3F14-A4F3-B2DE8B774B7E}
		{1AE9A461-54F4-34A7-8724-C55A7B78FD4D} = {1AE9A461-54F4-34A7-8724-C55A7B78FD4D}
		{E39962F9-1038-3894-9AE3-8084AB41569A} = {E39962F9-1038-3894-9AE3-8084AB41569A}
		{F1C40611-4620-3728-B55C-DF01EDF62F54} = {F1C40611-4620-3728-B55C-DF01EDF62F54}
		{C0EF7626-A53E-3FF6-9B3B-0CD2858C3428} = {C0EF7626-A53E-3FF6-9B3B-0CD2858C3428}
	EndProjectSection
EndProject
Project("{8BC9CEB8-8B4A-11D0-8D11-00A0C91BC942}") = "INSTALL", "INSTALL.vcxproj", "{F85FFDD9-1C29-3572-B668-D03510D5A866}"
	ProjectSection(ProjectDependencies) = postProject
		{C561501E-B292-381D-BB5D-A0E595D4C8D7} = {C561501E-B292-381D-BB5D-A0E595D4C8D7}
		{EA373D68-D55D-3F14-A4F3-B2DE8B774B7E} = {EA373D68-D55D-3F14-A4F3-B2DE8B774B7E}
	EndProjectSection
EndProject
Project("{8BC9CEB8-8B4A-11D0-8D11-00A0C91BC942}") = "ZERO_CHECK", "ZERO_CHECK.vcxproj", "{EA373D68-D55D-3F14-A4F3-B2DE8B774B7E}"
	ProjectSection(ProjectDependencies) = postProject
	EndProjectSection
EndProject
Project("{8BC9CEB8-8B4A-11D0-8D11-00A0C91BC942}") = "basic_c_api_example", "examples\basic_c_api_example.vcxproj", "{1AE9A461-54F4-34A7-8724-C55A7B78FD4D}"
	ProjectSection(ProjectDependencies) = postProject
		{EA373D68-D55D-3F14-A4F3-B2DE8B774B7E} = {EA373D68-D55D-3F14-A4F3-B2DE8B774B7E}
		{C0EF7626-A53E-3FF6-9B3B-0CD2858C3428} = {C0EF7626-A53E-3FF6-9B3B-0CD2858C3428}
	EndProjectSection
EndProject
Project("{8BC9CEB8-8B4A-11D0-8D11-00A0C91BC942}") = "cpp_api_example", "examples\cpp_api_example.vcxproj", "{E39962F9-1038-3894-9AE3-8084AB41569A}"
	ProjectSection(ProjectDependencies) = postProject
		{EA373D68-D55D-3F14-A4F3-B2DE8B774B7E} = {EA373D68-D55D-3F14-A4F3-B2DE8B774B7E}
		{C0EF7626-A53E-3FF6-9B3B-0CD2858C3428} = {C0EF7626-A53E-3FF6-9B3B-0CD2858C3428}
	EndProjectSection
EndProject
Project("{8BC9CEB8-8B4A-11D0-8D11-00A0C91BC942}") = "live_streaming_integration", "examples\live_streaming_integration.vcxproj", "{F1C40611-4620-3728-B55C-DF01EDF62F54}"
	ProjectSection(ProjectDependencies) = postProject
		{EA373D68-D55D-3F14-A4F3-B2DE8B774B7E} = {EA373D68-D55D-3F14-A4F3-B2DE8B774B7E}
		{C0EF7626-A53E-3FF6-9B3B-0CD2858C3428} = {C0EF7626-A53E-3FF6-9B3B-0CD2858C3428}
	EndProjectSection
EndProject
Project("{8BC9CEB8-8B4A-11D0-8D11-00A0C91BC942}") = "p2p_core", "src\p2p_core.vcxproj", "{C0EF7626-A53E-3FF6-9B3B-0CD2858C3428}"
	ProjectSection(ProjectDependencies) = postProject
		{EA373D68-D55D-3F14-A4F3-B2DE8B774B7E} = {EA373D68-D55D-3F14-A4F3-B2DE8B774B7E}
	EndProjectSection
EndProject
Global
	GlobalSection(SolutionConfigurationPlatforms) = preSolution
		Debug|x64 = Debug|x64
		Release|x64 = Release|x64
		MinSizeRel|x64 = MinSizeRel|x64
		RelWithDebInfo|x64 = RelWithDebInfo|x64
	EndGlobalSection
	GlobalSection(ProjectConfigurationPlatforms) = postSolution
		{C561501E-B292-381D-BB5D-A0E595D4C8D7}.Debug|x64.ActiveCfg = Debug|x64
		{C561501E-B292-381D-BB5D-A0E595D4C8D7}.Debug|x64.Build.0 = Debug|x64
		{C561501E-B292-381D-BB5D-A0E595D4C8D7}.Release|x64.ActiveCfg = Release|x64
		{C561501E-B292-381D-BB5D-A0E595D4C8D7}.Release|x64.Build.0 = Release|x64
		{C561501E-B292-381D-BB5D-A0E595D4C8D7}.MinSizeRel|x64.ActiveCfg = MinSizeRel|x64
		{C561501E-B292-381D-BB5D-A0E595D4C8D7}.MinSizeRel|x64.Build.0 = MinSizeRel|x64
		{C561501E-B292-381D-BB5D-A0E595D4C8D7}.RelWithDebInfo|x64.ActiveCfg = RelWithDebInfo|x64
		{C561501E-B292-381D-BB5D-A0E595D4C8D7}.RelWithDebInfo|x64.Build.0 = RelWithDebInfo|x64
		{F85FFDD9-1C29-3572-B668-D03510D5A866}.Debug|x64.ActiveCfg = Debug|x64
		{F85FFDD9-1C29-3572-B668-D03510D5A866}.Release|x64.ActiveCfg = Release|x64
		{F85FFDD9-1C29-3572-B668-D03510D5A866}.MinSizeRel|x64.ActiveCfg = MinSizeRel|x64
		{F85FFDD9-1C29-3572-B668-D03510D5A866}.RelWithDebInfo|x64.ActiveCfg = RelWithDebInfo|x64
		{EA373D68-D55D-3F14-A4F3-B2DE8B774B7E}.Debug|x64.ActiveCfg = Debug|x64
		{EA373D68-D55D-3F14-A4F3-B2DE8B774B7E}.Debug|x64.Build.0 = Debug|x64
		{EA373D68-D55D-3F14-A4F3-B2DE8B774B7E}.Release|x64.ActiveCfg = Release|x64
		{EA373D68-D55D-3F14-A4F3-B2DE8B774B7E}.Release|x64.Build.0 = Release|x64
		{EA373D68-D55D-3F14-A4F3-B2DE8B774B7E}.MinSizeRel|x64.ActiveCfg = MinSizeRel|x64
		{EA373D68-D55D-3F14-A4F3-B2DE8B774B7E}.MinSizeRel|x64.Build.0 = MinSizeRel|x64
		{EA373D68-D55D-3F14-A4F3-B2DE8B774B7E}.RelWithDebInfo|x64.ActiveCfg = RelWithDebInfo|x64
		{EA373D68-D55D-3F14-A4F3-B2DE8B774B7E}.RelWithDebInfo|x64.Build.0 = RelWithDebInfo|x64
		{1AE9A461-54F4-34A7-8724-C55A7B78FD4D}.Debug|x64.ActiveCfg = Debug|x64
		{1AE9A461-54F4-34A7-8724-C55A7B78FD4D}.Debug|x64.Build.0 = Debug|x64
		{1AE9A461-54F4-34A7-8724-C55A7B78FD4D}.Release|x64.ActiveCfg = Release|x64
		{1AE9A461-54F4-34A7-8724-C55A7B78FD4D}.Release|x64.Build.0 = Release|x64
		{1AE9A461-54F4-34A7-8724-C55A7B78FD4D}.MinSizeRel|x64.ActiveCfg = MinSizeRel|x64
		{1AE9A461-54F4-34A7-8724-C55A7B78FD4D}.MinSizeRel|x64.Build.0 = MinSizeRel|x64
		{1AE9A461-54F4-34A7-8724-C55A7B78FD4D}.RelWithDebInfo|x64.ActiveCfg = RelWithDebInfo|x64
		{1AE9A461-54F4-34A7-8724-C55A7B78FD4D}.RelWithDebInfo|x64.Build.0 = RelWithDebInfo|x64
		{E39962F9-1038-3894-9AE3-8084AB41569A}.Debug|x64.ActiveCfg = Debug|x64
		{E39962F9-1038-3894-9AE3-8084AB41569A}.Debug|x64.Build.0 = Debug|x64
		{E39962F9-1038-3894-9AE3-8084AB41569A}.Release|x64.ActiveCfg = Release|x64
		{E39962F9-1038-3894-9AE3-8084AB41569A}.Release|x64.Build.0 = Release|x64
		{E39962F9-1038-3894-9AE3-8084AB41569A}.MinSizeRel|x64.ActiveCfg = MinSizeRel|x64
		{E39962F9-1038-3894-9AE3-8084AB41569A}.MinSizeRel|x64.Build.0 = MinSizeRel|x64
		{E39962F9-1038-3894-9AE3-8084AB41569A}.RelWithDebInfo|x64.ActiveCfg = RelWithDebInfo|x64
		{E39962F9-1038-3894-9AE3-8084AB41569A}.RelWithDebInfo|x64.Build.0 = RelWithDebInfo|x64
		{F1C40611-4620-3728-B55C-DF01EDF62F54}.Debug|x64.ActiveCfg = Debug|x64
		{F1C40611-4620-3728-B55C-DF01EDF62F54}.Debug|x64.Build.0 = Debug|x64
		{F1C40611-4620-3728-B55C-DF01EDF62F54}.Release|x64.ActiveCfg = Release|x64
		{F1C40611-4620-3728-B55C-DF01EDF62F54}.Release|x64.Build.0 = Release|x64
		{F1C40611-4620-3728-B55C-DF01EDF62F54}.MinSizeRel|x64.ActiveCfg = MinSizeRel|x64
		{F1C40611-4620-3728-B55C-DF01EDF62F54}.MinSizeRel|x64.Build.0 = MinSizeRel|x64
		{F1C40611-4620-3728-B55C-DF01EDF62F54}.RelWithDebInfo|x64.ActiveCfg = RelWithDebInfo|x64
		{F1C40611-4620-3728-B55C-DF01EDF62F54}.RelWithDebInfo|x64.Build.0 = RelWithDebInfo|x64
		{C0EF7626-A53E-3FF6-9B3B-0CD2858C3428}.Debug|x64.ActiveCfg = Debug|x64
		{C0EF7626-A53E-3FF6-9B3B-0CD2858C3428}.Debug|x64.Build.0 = Debug|x64
		{C0EF7626-A53E-3FF6-9B3B-0CD2858C3428}.Release|x64.ActiveCfg = Release|x64
		{C0EF7626-A53E-3FF6-9B3B-0CD2858C3428}.Release|x64.Build.0 = Release|x64
		{C0EF7626-A53E-3FF6-9B3B-0CD2858C3428}.MinSizeRel|x64.ActiveCfg = MinSizeRel|x64
		{C0EF7626-A53E-3FF6-9B3B-0CD2858C3428}.MinSizeRel|x64.Build.0 = MinSizeRel|x64
		{C0EF7626-A53E-3FF6-9B3B-0CD2858C3428}.RelWithDebInfo|x64.ActiveCfg = RelWithDebInfo|x64
		{C0EF7626-A53E-3FF6-9B3B-0CD2858C3428}.RelWithDebInfo|x64.Build.0 = RelWithDebInfo|x64
	EndGlobalSection
	GlobalSection(ExtensibilityGlobals) = postSolution
		SolutionGuid = {84D4D93D-F563-3E46-91A5-A76609FFF923}
	EndGlobalSection
	GlobalSection(ExtensibilityAddIns) = postSolution
	EndGlobalSection
EndGlobal
